
Microsoft Visual Studio Solution File, Format Version 12.00
Project("{FAE04EC0-301F-11D3-BF4B-00C04F79EFBC}") = "AdmissionCommittee", "AdmissionCommittee\AdmissionCommittee.csproj", "{C99CD744-3582-4EC5-BC52-4FFDA07AA919}"
EndProject
Global
	GlobalSection(SolutionConfigurationPlatforms) = preSolution
		Debug|Any CPU = Debug|Any CPU
		Release|Any CPU = Release|Any CPU
	EndGlobalSection
	GlobalSection(ProjectConfigurationPlatforms) = postSolution
		{C99CD744-3582-4EC5-BC52-4FFDA07AA919}.Debug|Any CPU.ActiveCfg = Debug|Any CPU
		{C99CD744-3582-4EC5-BC52-4FFDA07AA919}.Debug|Any CPU.Build.0 = Debug|Any CPU
		{C99CD744-3582-4EC5-BC52-4FFDA07AA919}.Release|Any CPU.ActiveCfg = Release|Any CPU
		{C99CD744-3582-4EC5-BC52-4FFDA07AA919}.Release|Any CPU.Build.0 = Release|Any CPU
	EndGlobalSection
EndGlobal
